
Microsoft Visual Studio Solution File, Format Version 12.00
# Visual Studio Version 17
VisualStudioVersion = 17.9.34728.123
MinimumVisualStudioVersion = 10.0.40219.1
Project("{FAE04EC0-301F-11D3-BF4B-00C04F79EFBC}") = "sysprogram", "sysprogram\sysprogram.csproj", "{1847E5AE-4093-4158-8F59-324526B998DE}"
EndProject
Project("{FAE04EC0-301F-11D3-BF4B-00C04F79EFBC}") = "lambdaloop", "lambdaloop\lambdaloop.csproj", "{1DA0A8F0-70B2-4D90-B82A-9D4B79F0ADE2}"
EndProject
Project("{FAE04EC0-301F-11D3-BF4B-00C04F79EFBC}") = "loopbreak", "loopbreak\loopbreak.csproj", "{93F5E651-830B-42A0-9ECC-F08051A0B394}"
EndProject
Global
	GlobalSection(SolutionConfigurationPlatforms) = preSolution
		Debug|Any CPU = Debug|Any CPU
		Release|Any CPU = Release|Any CPU
	EndGlobalSection
	GlobalSection(ProjectConfigurationPlatforms) = postSolution
		{1847E5AE-4093-4158-8F59-324526B998DE}.Debug|Any CPU.ActiveCfg = Debug|Any CPU
		{1847E5AE-4093-4158-8F59-324526B998DE}.Debug|Any CPU.Build.0 = Debug|Any CPU
		{1847E5AE-4093-4158-8F59-324526B998DE}.Release|Any CPU.ActiveCfg = Release|Any CPU
		{1847E5AE-4093-4158-8F59-324526B998DE}.Release|Any CPU.Build.0 = Release|Any CPU
		{1DA0A8F0-70B2-4D90-B82A-9D4B79F0ADE2}.Debug|Any CPU.ActiveCfg = Debug|Any CPU
		{1DA0A8F0-70B2-4D90-B82A-9D4B79F0ADE2}.Debug|Any CPU.Build.0 = Debug|Any CPU
		{1DA0A8F0-70B2-4D90-B82A-9D4B79F0ADE2}.Release|Any CPU.ActiveCfg = Release|Any CPU
		{1DA0A8F0-70B2-4D90-B82A-9D4B79F0ADE2}.Release|Any CPU.Build.0 = Release|Any CPU
		{93F5E651-830B-42A0-9ECC-F08051A0B394}.Debug|Any CPU.ActiveCfg = Debug|Any CPU
		{93F5E651-830B-42A0-9ECC-F08051A0B394}.Debug|Any CPU.Build.0 = Debug|Any CPU
		{93F5E651-830B-42A0-9ECC-F08051A0B394}.Release|Any CPU.ActiveCfg = Release|Any CPU
		{93F5E651-830B-42A0-9ECC-F08051A0B394}.Release|Any CPU.Build.0 = Release|Any CPU
	EndGlobalSection
	GlobalSection(SolutionProperties) = preSolution
		HideSolutionNode = FALSE
	EndGlobalSection
	GlobalSection(ExtensibilityGlobals) = postSolution
		SolutionGuid = {3B0454B5-115C-460B-AC66-F873239806F6}
	EndGlobalSection
EndGlobal
